# Generated by scripts/lockrepos.py. One line per repository: <folder> <commit>.
# The commit each sibling was at when the family was last verified together.
# Re-record with `make lock` after a green `make up`; check with `make lock-check`.
# Private repositories are never listed here: see docs/adr/0011-private-services-are-extensions.md.
Keyring-api 48f56c4c74b7520b69fc8d9525e47df471b02d45
Settings-api 711f1aa78ce2502d140d3d007ff92b7494407c7d
User-api 3e1e75034d1c97dc4dd4d440f1acb2167e1419ea
Persona-api c8c37b2343496e0e8793e7b4446073b8ca75ab1a
Web-search-api c7d647969b73156a54fea60f7cc6a6841b4cb861
Spotify-api dd7a8b076b677047df8aabf040352c4ea2d26fa6
Environments-api c93d9e796b81e900ba02864fc83c61500be0e4ac
Memory-api aea2feb9a7fbca3fa1330a0a2728d8df463bfe71
Github-api 349e2ee429d29e60efe79ab9305e0afa75dc02e7
